github.com/elecbrandy/freshpink v0.0.0-20260114043919-d96e7299112a h1:chhZsTGCrRcUuWzZhGZs/+Czh3gYFnOKaRy5DpX2H+0=
github.com/elecbrandy/freshpink v0.0.0-20260114043919-d96e7299112a/go.mod h1:YjiCl2fIXdl/NJR+0YRTWVyKdDl0LYMycYzmhApzhFs=
github.com/elecbrandy/freshpink v0.0.0-20260114051308-2a0c650b39c6 h1:fQZP11Wyk4Xp9ushWWy2Ke1e/ij5IVa5dWtorMv8QcA=
github.com/elecbrandy/freshpink v0.0.0-20260114051308-2a0c650b39c6/go.mod h1:YjiCl2fIXdl/NJR+0YRTWVyKdDl0LYMycYzmhApzhFs=
