github.com/elecBrandy/freshpink v0.0.0-20250329191155-4858c3484a99 h1:FCk2rob4RGP5jahBUQxt9eQNxn3hRirDXveA1Pi+Unc=
github.com/elecBrandy/freshpink v0.0.0-20250329191155-4858c3484a99/go.mod h1:YX8aUs2pLSookknUeQmbIlkxdtZpMr6cFoJz16PmeJo=
github.com/elecbrandy/freshpink v0.0.0-20250329191155-4858c3484a99 h1:iV9O+5HBFC/ZIMQZsB9YYQ2sND4xwB2sqCfwbMq4RKw=
github.com/elecbrandy/freshpink v0.0.0-20250329191155-4858c3484a99/go.mod h1:jkoBxHXTnjjhA1OrRm2amkGKGc6oL1pjbPup787Pqvs=
